// !$*UTF8*$!
{
	archiveVersion = 1;
	classes = {
	};
	objectVersion = 50;
	objects = {

/* Begin PBXBuildFile section */
		6D383C0020FF882500C67037 /* ViewController+UIActions.swift in Sources */ = {isa = PBXBuildFile; fileRef = 6D383BFF20FF882500C67037 /* ViewController+UIActions.swift */; };
		6D383C0421037B4800C67037 /* viewController+collectionViewDelegates.swift in Sources */ = {isa = PBXBuildFile; fileRef = 6D383C0321037B4800C67037 /* viewController+collectionViewDelegates.swift */; };
		6D7EE13E20FC9A86003766D4 /* AppDelegate.swift in Sources */ = {isa = PBXBuildFile; fileRef = 6D7EE13D20FC9A86003766D4 /* AppDelegate.swift */; };
		6D7EE14020FC9A86003766D4 /* ViewController.swift in Sources */ = {isa = PBXBuildFile; fileRef = 6D7EE13F20FC9A86003766D4 /* ViewController.swift */; };
		6D7EE14320FC9A86003766D4 /* Main.storyboard in Resources */ = {isa = PBXBuildFile; fileRef = 6D7EE14120FC9A86003766D4 /* Main.storyboard */; };
		6D7EE14620FC9A86003766D4 /* IntCoreTask.xcdatamodeld in Sources */ = {isa = PBXBuildFile; fileRef = 6D7EE14420FC9A86003766D4 /* IntCoreTask.xcdatamodeld */; };
		6D7EE14820FC9A9B003766D4 /* Assets.xcassets in Resources */ = {isa = PBXBuildFile; fileRef = 6D7EE14720FC9A9B003766D4 /* Assets.xcassets */; };
		6D7EE14B20FC9A9B003766D4 /* LaunchScreen.storyboard in Resources */ = {isa = PBXBuildFile; fileRef = 6D7EE14920FC9A9B003766D4 /* LaunchScreen.storyboard */; };
		AE7D80EFDC655004C5BA785D /* Pods_IntCoreTask.framework in Frameworks */ = {isa = PBXBuildFile; fileRef = 175C8EAA5812FD131CA0C34D /* Pods_IntCoreTask.framework */; };
/* End PBXBuildFile section */

/* Begin PBXFileReference section */
		175C8EAA5812FD131CA0C34D /* Pods_IntCoreTask.framework */ = {isa = PBXFileReference; explicitFileType = wrapper.framework; includeInIndex = 0; path = Pods_IntCoreTask.framework; sourceTree = BUILT_PRODUCTS_DIR; };
		4E6E6B57B7EF74FDACD1F93C /* Pods-IntCoreTask.release.xcconfig */ = {isa = PBXFileReference; includeInIndex = 1; lastKnownFileType = text.xcconfig; name = "Pods-IntCoreTask.release.xcconfig"; path = "Pods/Target Support Files/Pods-IntCoreTask/Pods-IntCoreTask.release.xcconfig"; sourceTree = "<group>"; };
		6D383BFF20FF882500C67037 /* ViewController+UIActions.swift */ = {isa = PBXFileReference; lastKnownFileType = sourcecode.swift; path = "ViewController+UIActions.swift"; sourceTree = "<group>"; };
		6D383C0321037B4800C67037 /* viewController+collectionViewDelegates.swift */ = {isa = PBXFileReference; lastKnownFileType = sourcecode.swift; path = "viewController+collectionViewDelegates.swift"; sourceTree = "<group>"; };
		6D7EE13A20FC9A85003766D4 /* IntCoreTask.app */ = {isa = PBXFileReference; explicitFileType = wrapper.application; includeInIndex = 0; path = IntCoreTask.app; sourceTree = BUILT_PRODUCTS_DIR; };
		6D7EE13D20FC9A86003766D4 /* AppDelegate.swift */ = {isa = PBXFileReference; lastKnownFileType = sourcecode.swift; path = AppDelegate.swift; sourceTree = "<group>"; };
		6D7EE13F20FC9A86003766D4 /* ViewController.swift */ = {isa = PBXFileReference; lastKnownFileType = sourcecode.swift; path = ViewController.swift; sourceTree = "<group>"; };
		6D7EE14220FC9A86003766D4 /* Base */ = {isa = PBXFileReference; lastKnownFileType = file.storyboard; name = Base; path = Base.lproj/Main.storyboard; sourceTree = "<group>"; };
		6D7EE14520FC9A86003766D4 /* IntCoreTask.xcdatamodel */ = {isa = PBXFileReference; lastKnownFileType = wrapper.xcdatamodel; path = IntCoreTask.xcdatamodel; sourceTree = "<group>"; };
		6D7EE14720FC9A9B003766D4 /* Assets.xcassets */ = {isa = PBXFileReference; lastKnownFileType = folder.assetcatalog; path = Assets.xcassets; sourceTree = "<group>"; };
		6D7EE14A20FC9A9B003766D4 /* Base */ = {isa = PBXFileReference; lastKnownFileType = file.storyboard; name = Base; path = Base.lproj/LaunchScreen.storyboard; sourceTree = "<group>"; };
		6D7EE14C20FC9A9B003766D4 /* Info.plist */ = {isa = PBXFileReference; lastKnownFileType = text.plist.xml; path = Info.plist; sourceTree = "<group>"; };
		744BBF6B2CFFC5E4C7ECFD65 /* Pods-IntCoreTask.debug.xcconfig */ = {isa = PBXFileReference; includeInIndex = 1; lastKnownFileType = text.xcconfig; name = "Pods-IntCoreTask.debug.xcconfig"; path = "Pods/Target Support Files/Pods-IntCoreTask/Pods-IntCoreTask.debug.xcconfig"; sourceTree = "<group>"; };
/* End PBXFileReference section */

/* Begin PBXFrameworksBuildPhase section */
		6D7EE13720FC9A85003766D4 /* Frameworks */ = {
			isa = PBXFrameworksBuildPhase;
			buildActionMask = 2147483647;
			files = (
				AE7D80EFDC655004C5BA785D /* Pods_IntCoreTask.framework in Frameworks */,
			);
			runOnlyForDeploymentPostprocessing = 0;
		};
/* End PBXFrameworksBuildPhase section */

/* Begin PBXGroup section */
		6D383C0120FF88B700C67037 /* view controller */ = {
			isa = PBXGroup;
			children = (
				6D7EE13F20FC9A86003766D4 /* ViewController.swift */,
				6D383BFF20FF882500C67037 /* ViewController+UIActions.swift */,
				6D383C0321037B4800C67037 /* viewController+collectionViewDelegates.swift */,
			);
			path = "view controller";
			sourceTree = "<group>";
		};
		6D383C0220FF88ED00C67037 /* storyboard */ = {
			isa = PBXGroup;
			children = (
				6D7EE14120FC9A86003766D4 /* Main.storyboard */,
			);
			path = storyboard;
			sourceTree = "<group>";
		};
		6D7EE13120FC9A85003766D4 = {
			isa = PBXGroup;
			children = (
				6D7EE13C20FC9A85003766D4 /* IntCoreTask */,
				6D7EE13B20FC9A85003766D4 /* Products */,
				D6C3CB034372F57AF816F91A /* Pods */,
				97831430AC32BD6F4D6B95BD /* Frameworks */,
			);
			sourceTree = "<group>";
		};
		6D7EE13B20FC9A85003766D4 /* Products */ = {
			isa = PBXGroup;
			children = (
				6D7EE13A20FC9A85003766D4 /* IntCoreTask.app */,
			);
			name = Products;
			sourceTree = "<group>";
		};
		6D7EE13C20FC9A85003766D4 /* IntCoreTask */ = {
			isa = PBXGroup;
			children = (
				6D383C0220FF88ED00C67037 /* storyboard */,
				6D383C0120FF88B700C67037 /* view controller */,
				6D7EE13D20FC9A86003766D4 /* AppDelegate.swift */,
				6D7EE14720FC9A9B003766D4 /* Assets.xcassets */,
				6D7EE14920FC9A9B003766D4 /* LaunchScreen.storyboard */,
				6D7EE14C20FC9A9B003766D4 /* Info.plist */,
				6D7EE14420FC9A86003766D4 /* IntCoreTask.xcdatamodeld */,
			);
			path = IntCoreTask;
			sourceTree = "<group>";
		};
		97831430AC32BD6F4D6B95BD /* Frameworks */ = {
			isa = PBXGroup;
			children = (
				175C8EAA5812FD131CA0C34D /* Pods_IntCoreTask.framework */,
			);
			name = Frameworks;
			sourceTree = "<group>";
		};
		D6C3CB034372F57AF816F91A /* Pods */ = {
			isa = PBXGroup;
			children = (
				744BBF6B2CFFC5E4C7ECFD65 /* Pods-IntCoreTask.debug.xcconfig */,
				4E6E6B57B7EF74FDACD1F93C /* Pods-IntCoreTask.release.xcconfig */,
			);
			name = Pods;
			sourceTree = "<group>";
		};
/* End PBXGroup section */

/* Begin PBXNativeTarget section */
		6D7EE13920FC9A85003766D4 /* IntCoreTask */ = {
			isa = PBXNativeTarget;
			buildConfigurationList = 6D7EE14F20FC9A9B003766D4 /* Build configuration list for PBXNativeTarget "IntCoreTask" */;
			buildPhases = (
				741A1865A94CB70D7B01BEFD /* [CP] Check Pods Manifest.lock */,
				6D7EE13620FC9A85003766D4 /* Sources */,
				6D7EE13720FC9A85003766D4 /* Frameworks */,
				6D7EE13820FC9A85003766D4 /* Resources */,
				3A7F22ACA15F588AA4F1367A /* [CP] Embed Pods Frameworks */,
			);
			buildRules = (
			);
			dependencies = (
			);
			name = IntCoreTask;
			productName = IntCoreTask;
			productReference = 6D7EE13A20FC9A85003766D4 /* IntCoreTask.app */;
			productType = "com.apple.product-type.application";
		};
/* End PBXNativeTarget section */

/* Begin PBXProject section */
		6D7EE13220FC9A85003766D4 /* Project object */ = {
			isa = PBXProject;
			attributes = {
				LastSwiftUpdateCheck = 0930;
				LastUpgradeCheck = 0930;
				ORGANIZATIONNAME = shimaa_khairy;
				TargetAttributes = {
					6D7EE13920FC9A85003766D4 = {
						CreatedOnToolsVersion = 9.3;
					};
				};
			};
			buildConfigurationList = 6D7EE13520FC9A85003766D4 /* Build configuration list for PBXProject "IntCoreTask" */;
			compatibilityVersion = "Xcode 9.3";
			developmentRegion = en;
			hasScannedForEncodings = 0;
			knownRegions = (
				en,
				Base,
			);
			mainGroup = 6D7EE13120FC9A85003766D4;
			productRefGroup = 6D7EE13B20FC9A85003766D4 /* Products */;
			projectDirPath = "";
			projectRoot = "";
			targets = (
				6D7EE13920FC9A85003766D4 /* IntCoreTask */,
			);
		};
/* End PBXProject section */

/* Begin PBXResourcesBuildPhase section */
		6D7EE13820FC9A85003766D4 /* Resources */ = {
			isa = PBXResourcesBuildPhase;
			buildActionMask = 2147483647;
			files = (
				6D7EE14B20FC9A9B003766D4 /* LaunchScreen.storyboard in Resources */,
				6D7EE14820FC9A9B003766D4 /* Assets.xcassets in Resources */,
				6D7EE14320FC9A86003766D4 /* Main.storyboard in Resources */,
			);
			runOnlyForDeploymentPostprocessing = 0;
		};
/* End PBXResourcesBuildPhase section */

/* Begin PBXShellScriptBuildPhase section */
		3A7F22ACA15F588AA4F1367A /* [CP] Embed Pods Frameworks */ = {
			isa = PBXShellScriptBuildPhase;
			buildActionMask = 2147483647;
			files = (
			);
			inputPaths = (
				"${SRCROOT}/Pods/Target Support Files/Pods-IntCoreTask/Pods-IntCoreTask-frameworks.sh",
				"${BUILT_PRODUCTS_DIR}/Cosmos/Cosmos.framework",
			);
			name = "[CP] Embed Pods Frameworks";
			outputPaths = (
				"${TARGET_BUILD_DIR}/${FRAMEWORKS_FOLDER_PATH}/Cosmos.framework",
			);
			runOnlyForDeploymentPostprocessing = 0;
			shellPath = /bin/sh;
			shellScript = "\"${SRCROOT}/Pods/Target Support Files/Pods-IntCoreTask/Pods-IntCoreTask-frameworks.sh\"\n";
			showEnvVarsInLog = 0;
		};
		741A1865A94CB70D7B01BEFD /* [CP] Check Pods Manifest.lock */ = {
			isa = PBXShellScriptBuildPhase;
			buildActionMask = 2147483647;
			files = (
			);
			inputPaths = (
				"${PODS_PODFILE_DIR_PATH}/Podfile.lock",
				"${PODS_ROOT}/Manifest.lock",
			);
			name = "[CP] Check Pods Manifest.lock";
			outputPaths = (
				"$(DERIVED_FILE_DIR)/Pods-IntCoreTask-checkManifestLockResult.txt",
			);
			runOnlyForDeploymentPostprocessing = 0;
			shellPath = /bin/sh;
			shellScript = "diff \"${PODS_PODFILE_DIR_PATH}/Podfile.lock\" \"${PODS_ROOT}/Manifest.lock\" > /dev/null\nif [ $? != 0 ] ; then\n    # print error to STDERR\n    echo \"error: The sandbox is not in sync with the Podfile.lock. Run 'pod install' or update your CocoaPods installation.\" >&2\n    exit 1\nfi\n# This output is used by Xcode 'outputs' to avoid re-running this script phase.\necho \"SUCCESS\" > \"${SCRIPT_OUTPUT_FILE_0}\"\n";
			showEnvVarsInLog = 0;
		};
/* End PBXShellScriptBuildPhase section */

/* Begin PBXSourcesBuildPhase section */
		6D7EE13620FC9A85003766D4 /* Sources */ = {
			isa = PBXSourcesBuildPhase;
			buildActionMask = 2147483647;
			files = (
				6D7EE14020FC9A86003766D4 /* ViewController.swift in Sources */,
				6D7EE14620FC9A86003766D4 /* IntCoreTask.xcdatamodeld in Sources */,
				6D383C0020FF882500C67037 /* ViewController+UIActions.swift in Sources */,
				6D7EE13E20FC9A86003766D4 /* AppDelegate.swift in Sources */,
				6D383C0421037B4800C67037 /* viewController+collectionViewDelegates.swift in Sources */,
			);
			runOnlyForDeploymentPostprocessing = 0;
		};
/* End PBXSourcesBuildPhase section */

/* Begin PBXVariantGroup section */
		6D7EE14120FC9A86003766D4 /* Main.storyboard */ = {
			isa = PBXVariantGroup;
			children = (
				6D7EE14220FC9A86003766D4 /* Base */,
			);
			name = Main.storyboard;
			sourceTree = "<group>";
		};
		6D7EE14920FC9A9B003766D4 /* LaunchScreen.storyboard */ = {
			isa = PBXVariantGroup;
			children = (
				6D7EE14A20FC9A9B003766D4 /* Base */,
			);
			name = LaunchScreen.storyboard;
			sourceTree = "<group>";
		};
/* End PBXVariantGroup section */

/* Begin XCBuildConfiguration section */
		6D7EE14D20FC9A9B003766D4 /* Debug */ = {
			isa = XCBuildConfiguration;
			buildSettings = {
				ALWAYS_SEARCH_USER_PATHS = NO;
				CLANG_ANALYZER_NONNULL = YES;
				CLANG_ANALYZER_NUMBER_OBJECT_CONVERSION = YES_AGGRESSIVE;
				CLANG_CXX_LANGUAGE_STANDARD = "gnu++14";
				CLANG_CXX_LIBRARY = "libc++";
				CLANG_ENABLE_MODULES = YES;
				CLANG_ENABLE_OBJC_ARC = YES;
				CLANG_ENABLE_OBJC_WEAK = YES;
				CLANG_WARN_BLOCK_CAPTURE_AUTORELEASING = YES;
				CLANG_WARN_BOOL_CONVERSION = YES;
				CLANG_WARN_COMMA = YES;
				CLANG_WARN_CONSTANT_CONVERSION = YES;
				CLANG_WARN_DEPRECATED_OBJC_IMPLEMENTATIONS = YES;
				CLANG_WARN_DIRECT_OBJC_ISA_USAGE = YES_ERROR;
				CLANG_WARN_DOCUMENTATION_COMMENTS = YES;
				CLANG_WARN_EMPTY_BODY = YES;
				CLANG_WARN_ENUM_CONVERSION = YES;
				CLANG_WARN_INFINITE_RECURSION = YES;
				CLANG_WARN_INT_CONVERSION = YES;
				CLANG_WARN_NON_LITERAL_NULL_CONVERSION = YES;
				CLANG_WARN_OBJC_IMPLICIT_RETAIN_SELF = YES;
				CLANG_WARN_OBJC_LITERAL_CONVERSION = YES;
				CLANG_WARN_OBJC_ROOT_CLASS = YES_ERROR;
				CLANG_WARN_RANGE_LOOP_ANALYSIS = YES;
				CLANG_WARN_STRICT_PROTOTYPES = YES;
				CLANG_WARN_SUSPICIOUS_MOVE = YES;
				CLANG_WARN_UNGUARDED_AVAILABILITY = YES_AGGRESSIVE;
				CLANG_WARN_UNREACHABLE_CODE = YES;
				CLANG_WARN__DUPLICATE_METHOD_MATCH = YES;
				CODE_SIGN_IDENTITY = "iPhone Developer";
				COPY_PHASE_STRIP = NO;
				DEBUG_INFORMATION_FORMAT = dwarf;
				ENABLE_STRICT_OBJC_MSGSEND = YES;
				ENABLE_TESTABILITY = YES;
				GCC_C_LANGUAGE_STANDARD = gnu11;
				GCC_DYNAMIC_NO_PIC = NO;
				GCC_NO_COMMON_BLOCKS = YES;
				GCC_OPTIMIZATION_LEVEL = 0;
				GCC_PREPROCESSOR_DEFINITIONS = (
					"DEBUG=1",
					"$(inherited)",
				);
				GCC_WARN_64_TO_32_BIT_CONVERSION = YES;
				GCC_WARN_ABOUT_RETURN_TYPE = YES_ERROR;
				GCC_WARN_UNDECLARED_SELECTOR = YES;
				GCC_WARN_UNINITIALIZED_AUTOS = YES_AGGRESSIVE;
				GCC_WARN_UNUSED_FUNCTION = YES;
				GCC_WARN_UNUSED_VARIABLE = YES;
				IPHONEOS_DEPLOYMENT_TARGET = 11.3;
				MTL_ENABLE_DEBUG_INFO = YES;
				ONLY_ACTIVE_ARCH = YES;
				SDKROOT = iphoneos;
				SWIFT_ACTIVE_COMPILATION_CONDITIONS = DEBUG;
				SWIFT_OPTIMIZATION_LEVEL = "-Onone";
			};
			name = Debug;
		};
		6D7EE14E20FC9A9B003766D4 /* Release */ = {
			isa = XCBuildConfiguration;
			buildSettings = {
				ALWAYS_SEARCH_USER_PATHS = NO;
				CLANG_ANALYZER_NONNULL = YES;
				CLANG_ANALYZER_NUMBER_OBJECT_CONVERSION = YES_AGGRESSIVE;
				CLANG_CXX_LANGUAGE_STANDARD = "gnu++14";
				CLANG_CXX_LIBRARY = "libc++";
				CLANG_ENABLE_MODULES = YES;
				CLANG_ENABLE_OBJC_ARC = YES;
				CLANG_ENABLE_OBJC_WEAK = YES;
				CLANG_WARN_BLOCK_CAPTURE_AUTORELEASING = YES;
				CLANG_WARN_BOOL_CONVERSION = YES;
				CLANG_WARN_COMMA = YES;
				CLANG_WARN_CONSTANT_CONVERSION = YES;
				CLANG_WARN_DEPRECATED_OBJC_IMPLEMENTATIONS = YES;
				CLANG_WARN_DIRECT_OBJC_ISA_USAGE = YES_ERROR;
				CLANG_WARN_DOCUMENTATION_COMMENTS = YES;
				CLANG_WARN_EMPTY_BODY = YES;
				CLANG_WARN_ENUM_CONVERSION = YES;
				CLANG_WARN_INFINITE_RECURSION = YES;
				CLANG_WARN_INT_CONVERSION = YES;
				CLANG_WARN_NON_LITERAL_NULL_CONVERSION = YES;
				CLANG_WARN_OBJC_IMPLICIT_RETAIN_SELF = YES;
				CLANG_WARN_OBJC_LITERAL_CONVERSION = YES;
				CLANG_WARN_OBJC_ROOT_CLASS = YES_ERROR;
				CLANG_WARN_RANGE_LOOP_ANALYSIS = YES;
				CLANG_WARN_STRICT_PROTOTYPES = YES;
				CLANG_WARN_SUSPICIOUS_MOVE = YES;
				CLANG_WARN_UNGUARDED_AVAILABILITY = YES_AGGRESSIVE;
				CLANG_WARN_UNREACHABLE_CODE = YES;
				CLANG_WARN__DUPLICATE_METHOD_MATCH = YES;
				CODE_SIGN_IDENTITY = "iPhone Developer";
				COPY_PHASE_STRIP = NO;
				DEBUG_INFORMATION_FORMAT = "dwarf-with-dsym";
				ENABLE_NS_ASSERTIONS = NO;
				ENABLE_STRICT_OBJC_MSGSEND = YES;
				GCC_C_LANGUAGE_STANDARD = gnu11;
				GCC_NO_COMMON_BLOCKS = YES;
				GCC_WARN_64_TO_32_BIT_CONVERSION = YES;
				GCC_WARN_ABOUT_RETURN_TYPE = YES_ERROR;
				GCC_WARN_UNDECLARED_SELECTOR = YES;
				GCC_WARN_UNINITIALIZED_AUTOS = YES_AGGRESSIVE;
				GCC_WARN_UNUSED_FUNCTION = YES;
				GCC_WARN_UNUSED_VARIABLE = YES;
				IPHONEOS_DEPLOYMENT_TARGET = 11.3;
				MTL_ENABLE_DEBUG_INFO = NO;
				SDKROOT = iphoneos;
				SWIFT_COMPILATION_MODE = wholemodule;
				SWIFT_OPTIMIZATION_LEVEL = "-O";
				VALIDATE_PRODUCT = YES;
			};
			name = Release;
		};
		6D7EE15020FC9A9B003766D4 /* Debug */ = {
			isa = XCBuildConfiguration;
			baseConfigurationReference = 744BBF6B2CFFC5E4C7ECFD65 /* Pods-IntCoreTask.debug.xcconfig */;
			buildSettings = {
				ASSETCATALOG_COMPILER_APPICON_NAME = AppIcon;
				CODE_SIGN_STYLE = Automatic;
				INFOPLIST_FILE = IntCoreTask/Info.plist;
				LD_RUNPATH_SEARCH_PATHS = (
					"$(inherited)",
					"@executable_path/Frameworks",
				);
				PRODUCT_BUNDLE_IDENTIFIER = ITI.IntCoreTask;
				PRODUCT_NAME = "$(TARGET_NAME)";
				SWIFT_VERSION = 4.0;
				TARGETED_DEVICE_FAMILY = "1,2";
			};
			name = Debug;
		};
		6D7EE15120FC9A9B003766D4 /* Release */ = {
			isa = XCBuildConfiguration;
			baseConfigurationReference = 4E6E6B57B7EF74FDACD1F93C /* Pods-IntCoreTask.release.xcconfig */;
			buildSettings = {
				ASSETCATALOG_COMPILER_APPICON_NAME = AppIcon;
				CODE_SIGN_STYLE = Automatic;
				INFOPLIST_FILE = IntCoreTask/Info.plist;
				LD_RUNPATH_SEARCH_PATHS = (
					"$(inherited)",
					"@executable_path/Frameworks",
				);
				PRODUCT_BUNDLE_IDENTIFIER = ITI.IntCoreTask;
				PRODUCT_NAME = "$(TARGET_NAME)";
				SWIFT_VERSION = 4.0;
				TARGETED_DEVICE_FAMILY = "1,2";
			};
			name = Release;
		};
/* End XCBuildConfiguration section */

/* Begin XCConfigurationList section */
		6D7EE13520FC9A85003766D4 /* Build configuration list for PBXProject "IntCoreTask" */ = {
			isa = XCConfigurationList;
			buildConfigurations = (
				6D7EE14D20FC9A9B003766D4 /* Debug */,
				6D7EE14E20FC9A9B003766D4 /* Release */,
			);
			defaultConfigurationIsVisible = 0;
			defaultConfigurationName = Release;
		};
		6D7EE14F20FC9A9B003766D4 /* Build configuration list for PBXNativeTarget "IntCoreTask" */ = {
			isa = XCConfigurationList;
			buildConfigurations = (
				6D7EE15020FC9A9B003766D4 /* Debug */,
				6D7EE15120FC9A9B003766D4 /* Release */,
			);
			defaultConfigurationIsVisible = 0;
			defaultConfigurationName = Release;
		};
/* End XCConfigurationList section */

/* Begin XCVersionGroup section */
		6D7EE14420FC9A86003766D4 /* IntCoreTask.xcdatamodeld */ = {
			isa = XCVersionGroup;
			children = (
				6D7EE14520FC9A86003766D4 /* IntCoreTask.xcdatamodel */,
			);
			currentVersion = 6D7EE14520FC9A86003766D4 /* IntCoreTask.xcdatamodel */;
			path = IntCoreTask.xcdatamodeld;
			sourceTree = "<group>";
			versionGroupType = wrapper.xcdatamodel;
		};
/* End XCVersionGroup section */
	};
	rootObject = 6D7EE13220FC9A85003766D4 /* Project object */;
}
